
Microsoft Visual Studio Solution File, Format Version 12.00
# Visual Studio Version 17
VisualStudioVersion = 17.9.34321.82
MinimumVisualStudioVersion = 10.0.40219.1
Project("{FAE04EC0-301F-11D3-BF4B-00C04F79EFBC}") = "Domain", "Models\Domain.csproj", "{67DE1D24-08A9-444D-B352-09949044B6AA}"
EndProject
Project("{FAE04EC0-301F-11D3-BF4B-00C04F79EFBC}") = "Services", "Services\Services.csproj", "{09AF46D3-8211-4D85-89E1-179BFEE5FAD8}"
EndProject
Project("{FAE04EC0-301F-11D3-BF4B-00C04F79EFBC}") = "DTO", "DTO\DTO.csproj", "{34601845-D455-4571-8A84-E4107782FC20}"
EndProject
Project("{FAE04EC0-301F-11D3-BF4B-00C04F79EFBC}") = "Helpers", "Helpers\Helpers.csproj", "{191F306F-0969-496C-AC55-166590114330}"
EndProject
Global
	GlobalSection(SolutionConfigurationPlatforms) = preSolution
		Debug|Any CPU = Debug|Any CPU
		Release|Any CPU = Release|Any CPU
	EndGlobalSection
	GlobalSection(ProjectConfigurationPlatforms) = postSolution
		{67DE1D24-08A9-444D-B352-09949044B6AA}.Debug|Any CPU.ActiveCfg = Debug|Any CPU
		{67DE1D24-08A9-444D-B352-09949044B6AA}.Debug|Any CPU.Build.0 = Debug|Any CPU
		{67DE1D24-08A9-444D-B352-09949044B6AA}.Release|Any CPU.ActiveCfg = Release|Any CPU
		{67DE1D24-08A9-444D-B352-09949044B6AA}.Release|Any CPU.Build.0 = Release|Any CPU
		{09AF46D3-8211-4D85-89E1-179BFEE5FAD8}.Debug|Any CPU.ActiveCfg = Debug|Any CPU
		{09AF46D3-8211-4D85-89E1-179BFEE5FAD8}.Debug|Any CPU.Build.0 = Debug|Any CPU
		{09AF46D3-8211-4D85-89E1-179BFEE5FAD8}.Release|Any CPU.ActiveCfg = Release|Any CPU
		{09AF46D3-8211-4D85-89E1-179BFEE5FAD8}.Release|Any CPU.Build.0 = Release|Any CPU
		{34601845-D455-4571-8A84-E4107782FC20}.Debug|Any CPU.ActiveCfg = Debug|Any CPU
		{34601845-D455-4571-8A84-E4107782FC20}.Debug|Any CPU.Build.0 = Debug|Any CPU
		{34601845-D455-4571-8A84-E4107782FC20}.Release|Any CPU.ActiveCfg = Release|Any CPU
		{34601845-D455-4571-8A84-E4107782FC20}.Release|Any CPU.Build.0 = Release|Any CPU
		{191F306F-0969-496C-AC55-166590114330}.Debug|Any CPU.ActiveCfg = Debug|Any CPU
		{191F306F-0969-496C-AC55-166590114330}.Debug|Any CPU.Build.0 = Debug|Any CPU
		{191F306F-0969-496C-AC55-166590114330}.Release|Any CPU.ActiveCfg = Release|Any CPU
		{191F306F-0969-496C-AC55-166590114330}.Release|Any CPU.Build.0 = Release|Any CPU
	EndGlobalSection
	GlobalSection(SolutionProperties) = preSolution
		HideSolutionNode = FALSE
	EndGlobalSection
	GlobalSection(ExtensibilityGlobals) = postSolution
		SolutionGuid = {D44EBEC6-68A9-4AFC-AB1C-575ABA1F28A0}
	EndGlobalSection
EndGlobal
